
Microsoft Visual Studio Solution File, Format Version 12.00
# Visual Studio Version 17
VisualStudioVersion = 17.2.32630.192
MinimumVisualStudioVersion = 10.0.40219.1
Project("{FAE04EC0-301F-11D3-BF4B-00C04F79EFBC}") = "ExercicioDictionary", "ExercicioDictionary\ExercicioDictionary.csproj", "{5C5D0F33-F879-4ED7-8FBE-8FCE3F426014}"
EndProject
Global
	GlobalSection(SolutionConfigurationPlatforms) = preSolution
		Debug|Any CPU = Debug|Any CPU
		Release|Any CPU = Release|Any CPU
	EndGlobalSection
	GlobalSection(ProjectConfigurationPlatforms) = postSolution
		{5C5D0F33-F879-4ED7-8FBE-8FCE3F426014}.Debug|Any CPU.ActiveCfg = Debug|Any CPU
		{5C5D0F33-F879-4ED7-8FBE-8FCE3F426014}.Debug|Any CPU.Build.0 = Debug|Any CPU
		{5C5D0F33-F879-4ED7-8FBE-8FCE3F426014}.Release|Any CPU.ActiveCfg = Release|Any CPU
		{5C5D0F33-F879-4ED7-8FBE-8FCE3F426014}.Release|Any CPU.Build.0 = Release|Any CPU
	EndGlobalSection
	GlobalSection(SolutionProperties) = preSolution
		HideSolutionNode = FALSE
	EndGlobalSection
	GlobalSection(ExtensibilityGlobals) = postSolution
		SolutionGuid = {8A93BC75-A58A-4AE3-8E94-AFEBDE69FA47}
	EndGlobalSection
EndGlobal
